
Microsoft Visual Studio Solution File, Format Version 12.00
# Visual Studio Version 16
VisualStudioVersion = 16.0.31515.178
MinimumVisualStudioVersion = 10.0.40219.1
Project("{8BC9CEB8-8B4A-11D0-8D11-00A0C91BC942}") = "GameAssetPipelineProgram", "GameAssetPipelineProgram.vcxproj", "{EF5890A5-9BDA-4B3B-94CE-47CF778034EC}"
EndProject
Global
	GlobalSection(SolutionConfigurationPlatforms) = preSolution
		Debug|x64 = Debug|x64
		Debug|x86 = Debug|x86
		Release|x64 = Release|x64
		Release|x86 = Release|x86
	EndGlobalSection
	GlobalSection(ProjectConfigurationPlatforms) = postSolution
		{EF5890A5-9BDA-4B3B-94CE-47CF778034EC}.Debug|x64.ActiveCfg = Debug|x64
		{EF5890A5-9BDA-4B3B-94CE-47CF778034EC}.Debug|x64.Build.0 = Debug|x64
		{EF5890A5-9BDA-4B3B-94CE-47CF778034EC}.Debug|x86.ActiveCfg = Debug|Win32
		{EF5890A5-9BDA-4B3B-94CE-47CF778034EC}.Debug|x86.Build.0 = Debug|Win32
		{EF5890A5-9BDA-4B3B-94CE-47CF778034EC}.Release|x64.ActiveCfg = Release|x64
		{EF5890A5-9BDA-4B3B-94CE-47CF778034EC}.Release|x64.Build.0 = Release|x64
		{EF5890A5-9BDA-4B3B-94CE-47CF778034EC}.Release|x86.ActiveCfg = Release|Win32
		{EF5890A5-9BDA-4B3B-94CE-47CF778034EC}.Release|x86.Build.0 = Release|Win32
	EndGlobalSection
	GlobalSection(SolutionProperties) = preSolution
		HideSolutionNode = FALSE
	EndGlobalSection
	GlobalSection(ExtensibilityGlobals) = postSolution
		SolutionGuid = {326B66BD-D87E-44CA-B5B8-5B164D6A7C6F}
	EndGlobalSection
EndGlobal
